
Microsoft Visual Studio Solution File, Format Version 12.00
# Visual Studio Version 17
VisualStudioVersion = 17.11.35327.3
MinimumVisualStudioVersion = 10.0.40219.1
Project("{9A19103F-16F7-4668-BE54-9A1E7A4F7556}") = "ShippingService.Domain", "ShippingService.Domain\ShippingService.Domain.csproj", "{3F11D66B-6F5B-4F7A-A896-223EEFE419A7}"
EndProject
Project("{9A19103F-16F7-4668-BE54-9A1E7A4F7556}") = "ShippingService.Application", "ShippingService.Application\ShippingService.Application.csproj", "{A2829DB4-79F7-4016-82D0-AF2F0B5BCBFF}"
EndProject
Project("{9A19103F-16F7-4668-BE54-9A1E7A4F7556}") = "ShippingService.Infrastructure", "ShippingService.Infrastructure\ShippingService.Infrastructure.csproj", "{D49EE68F-A8A7-45E9-A25B-129AA300C4C0}"
EndProject
Project("{9A19103F-16F7-4668-BE54-9A1E7A4F7556}") = "ShippingService", "ShippingService\ShippingService.csproj", "{0D4C353F-6FE7-439E-B631-20DD0F1CF5ED}"
EndProject
Global
	GlobalSection(SolutionConfigurationPlatforms) = preSolution
		Debug|Any CPU = Debug|Any CPU
		Release|Any CPU = Release|Any CPU
	EndGlobalSection
	GlobalSection(ProjectConfigurationPlatforms) = postSolution
		{3F11D66B-6F5B-4F7A-A896-223EEFE419A7}.Debug|Any CPU.ActiveCfg = Debug|Any CPU
		{3F11D66B-6F5B-4F7A-A896-223EEFE419A7}.Debug|Any CPU.Build.0 = Debug|Any CPU
		{3F11D66B-6F5B-4F7A-A896-223EEFE419A7}.Release|Any CPU.ActiveCfg = Release|Any CPU
		{3F11D66B-6F5B-4F7A-A896-223EEFE419A7}.Release|Any CPU.Build.0 = Release|Any CPU
		{A2829DB4-79F7-4016-82D0-AF2F0B5BCBFF}.Debug|Any CPU.ActiveCfg = Debug|Any CPU
		{A2829DB4-79F7-4016-82D0-AF2F0B5BCBFF}.Debug|Any CPU.Build.0 = Debug|Any CPU
		{A2829DB4-79F7-4016-82D0-AF2F0B5BCBFF}.Release|Any CPU.ActiveCfg = Release|Any CPU
		{A2829DB4-79F7-4016-82D0-AF2F0B5BCBFF}.Release|Any CPU.Build.0 = Release|Any CPU
		{D49EE68F-A8A7-45E9-A25B-129AA300C4C0}.Debug|Any CPU.ActiveCfg = Debug|Any CPU
		{D49EE68F-A8A7-45E9-A25B-129AA300C4C0}.Debug|Any CPU.Build.0 = Debug|Any CPU
		{D49EE68F-A8A7-45E9-A25B-129AA300C4C0}.Release|Any CPU.ActiveCfg = Release|Any CPU
		{D49EE68F-A8A7-45E9-A25B-129AA300C4C0}.Release|Any CPU.Build.0 = Release|Any CPU
		{0D4C353F-6FE7-439E-B631-20DD0F1CF5ED}.Debug|Any CPU.ActiveCfg = Debug|Any CPU
		{0D4C353F-6FE7-439E-B631-20DD0F1CF5ED}.Debug|Any CPU.Build.0 = Debug|Any CPU
		{0D4C353F-6FE7-439E-B631-20DD0F1CF5ED}.Release|Any CPU.ActiveCfg = Release|Any CPU
		{0D4C353F-6FE7-439E-B631-20DD0F1CF5ED}.Release|Any CPU.Build.0 = Release|Any CPU
	EndGlobalSection
	GlobalSection(SolutionProperties) = preSolution
		HideSolutionNode = FALSE
	EndGlobalSection
	GlobalSection(ExtensibilityGlobals) = postSolution
		SolutionGuid = {D7FC867B-CA19-41B4-9300-A6CB76D37B88}
	EndGlobalSection
EndGlobal
